
Microsoft Visual Studio Solution File, Format Version 12.00
# Visual Studio Version 17
VisualStudioVersion = 17.12.35707.178
MinimumVisualStudioVersion = 10.0.40219.1
Project("{9A19103F-16F7-4668-BE54-9A1E7A4F7556}") = "PeaksOfArchipelago", "PeaksOfArchipelago\PeaksOfArchipelago.csproj", "{081AB4AE-5D09-4AB2-912A-02589737E45B}"
EndProject
Global
	GlobalSection(SolutionConfigurationPlatforms) = preSolution
		Dev|Any CPU = Dev|Any CPU
		Release|Any CPU = Release|Any CPU
	EndGlobalSection
	GlobalSection(ProjectConfigurationPlatforms) = postSolution
		{081AB4AE-5D09-4AB2-912A-02589737E45B}.Dev|Any CPU.ActiveCfg = Dev|Any CPU
		{081AB4AE-5D09-4AB2-912A-02589737E45B}.Dev|Any CPU.Build.0 = Dev|Any CPU
		{081AB4AE-5D09-4AB2-912A-02589737E45B}.Release|Any CPU.ActiveCfg = Release|Any CPU
		{081AB4AE-5D09-4AB2-912A-02589737E45B}.Release|Any CPU.Build.0 = Release|Any CPU
	EndGlobalSection
	GlobalSection(SolutionProperties) = preSolution
		HideSolutionNode = FALSE
	EndGlobalSection
	GlobalSection(ExtensibilityGlobals) = postSolution
		SolutionGuid = {8FBC339A-496B-4188-BC91-BEBC8E891F2C}
	EndGlobalSection
EndGlobal
